{
  "object": {
    "pins": [
      {
        "package": "Commandant",
        "repositoryURL": "https://github.com/Carthage/Commandant.git",
        "state": {
          "branch": null,
          "revision": "c281992c31c3f41c48b5036c5a38185eaec32626",
          "version": "0.12.0"
        }
      },
      {
        "package": "Result",
        "repositoryURL": "https://github.com/antitypical/Result.git",
        "state": {
          "branch": null,
          "revision": "7477584259bfce2560a19e06ad9f71db441fff11",
          "version": "3.2.4"
        }
      },
      {
        "package": "SWXMLHash",
        "repositoryURL": "https://github.com/drmohundro/SWXMLHash.git",
        "state": {
          "branch": null,
          "revision": "12496b370363034ccc919e1d72a99b9970b4941e",
          "version": "4.2.5"
        }
      }
    ]
  },
  "version": 1
}
